
Microsoft Visual Studio Solution File, Format Version 12.00
# Visual Studio Version 17
VisualStudioVersion = 17.1.32328.378
MinimumVisualStudioVersion = 10.0.40219.1
Project("{888888A0-9F3D-457C-B088-3A5042F75D52}") = "WikiSearchEngine", "WikiSearchEngine.pyproj", "{444595FB-D707-4542-8276-CBD5CE5844B8}"
EndProject
Global
	GlobalSection(SolutionConfigurationPlatforms) = preSolution
		Debug|Any CPU = Debug|Any CPU
		Release|Any CPU = Release|Any CPU
	EndGlobalSection
	GlobalSection(ProjectConfigurationPlatforms) = postSolution
		{444595FB-D707-4542-8276-CBD5CE5844B8}.Debug|Any CPU.ActiveCfg = Debug|Any CPU
		{444595FB-D707-4542-8276-CBD5CE5844B8}.Release|Any CPU.ActiveCfg = Release|Any CPU
	EndGlobalSection
	GlobalSection(SolutionProperties) = preSolution
		HideSolutionNode = FALSE
	EndGlobalSection
	GlobalSection(ExtensibilityGlobals) = postSolution
		SolutionGuid = {7BF80696-ABAC-414E-B5BD-0CC034853D14}
	EndGlobalSection
EndGlobal
